// !$*UTF8*$!
{
	archiveVersion = 1;
	classes = {
	};
	objectVersion = 77;
	objects = {

/* Begin PBXBuildFile section */
		1588515B2DD73BA900ABB8A3 /* AppDelegate.swift in Sources */ = {isa = PBXBuildFile; fileRef = 1588515A2DD73BA900ABB8A3 /* AppDelegate.swift */; };
		1588515D2DD73BA900ABB8A3 /* SceneDelegate.swift in Sources */ = {isa = PBXBuildFile; fileRef = 1588515C2DD73BA900ABB8A3 /* SceneDelegate.swift */; };
		158851602DD73BA900ABB8A3 /* LaunchScreen.storyboard in Resources */ = {isa = PBXBuildFile; fileRef = 1588515E2DD73BA900ABB8A3 /* LaunchScreen.storyboard */; };
		158851632DD73BA900ABB8A3 /* Main.storyboard in Resources */ = {isa = PBXBuildFile; fileRef = 158851612DD73BA900ABB8A3 /* Main.storyboard */; };
		1588516C2DD73BA900ABB8A3 /* AppDelegate.swift in Sources */ = {isa = PBXBuildFile; fileRef = 1588516B2DD73BA900ABB8A3 /* AppDelegate.swift */; };
		1588516F2DD73BA900ABB8A3 /* Main.storyboard in Resources */ = {isa = PBXBuildFile; fileRef = 1588516D2DD73BA900ABB8A3 /* Main.storyboard */; };
		158851772DD73BA900ABB8A3 /* Safelyx Extension.appex in Embed Foundation Extensions */ = {isa = PBXBuildFile; fileRef = 158851762DD73BA900ABB8A3 /* Safelyx Extension.appex */; settings = {ATTRIBUTES = (RemoveHeadersOnCopy, ); }; };
		158851812DD73BA900ABB8A3 /* Safelyx Extension.appex in Embed Foundation Extensions */ = {isa = PBXBuildFile; fileRef = 158851802DD73BA900ABB8A3 /* Safelyx Extension.appex */; settings = {ATTRIBUTES = (RemoveHeadersOnCopy, ); }; };
		158851872DD73BA900ABB8A3 /* Main.html in Resources */ = {isa = PBXBuildFile; fileRef = 1588514A2DD73BA800ABB8A3 /* Main.html */; };
		158851882DD73BA900ABB8A3 /* Main.html in Resources */ = {isa = PBXBuildFile; fileRef = 1588514A2DD73BA800ABB8A3 /* Main.html */; };
		158851892DD73BA900ABB8A3 /* Icon.png in Resources */ = {isa = PBXBuildFile; fileRef = 1588514C2DD73BA800ABB8A3 /* Icon.png */; };
		1588518A2DD73BA900ABB8A3 /* Icon.png in Resources */ = {isa = PBXBuildFile; fileRef = 1588514C2DD73BA800ABB8A3 /* Icon.png */; };
		1588518B2DD73BA900ABB8A3 /* Style.css in Resources */ = {isa = PBXBuildFile; fileRef = 1588514D2DD73BA800ABB8A3 /* Style.css */; };
		1588518C2DD73BA900ABB8A3 /* Style.css in Resources */ = {isa = PBXBuildFile; fileRef = 1588514D2DD73BA800ABB8A3 /* Style.css */; };
		1588518D2DD73BA900ABB8A3 /* Script.js in Resources */ = {isa = PBXBuildFile; fileRef = 1588514E2DD73BA800ABB8A3 /* Script.js */; };
		1588518E2DD73BA900ABB8A3 /* Script.js in Resources */ = {isa = PBXBuildFile; fileRef = 1588514E2DD73BA800ABB8A3 /* Script.js */; };
		1588518F2DD73BA900ABB8A3 /* ViewController.swift in Sources */ = {isa = PBXBuildFile; fileRef = 1588514F2DD73BA800ABB8A3 /* ViewController.swift */; };
		158851902DD73BA900ABB8A3 /* ViewController.swift in Sources */ = {isa = PBXBuildFile; fileRef = 1588514F2DD73BA800ABB8A3 /* ViewController.swift */; };
		158851912DD73BA900ABB8A3 /* Assets.xcassets in Resources */ = {isa = PBXBuildFile; fileRef = 158851502DD73BA900ABB8A3 /* Assets.xcassets */; };
		158851922DD73BA900ABB8A3 /* Assets.xcassets in Resources */ = {isa = PBXBuildFile; fileRef = 158851502DD73BA900ABB8A3 /* Assets.xcassets */; };
		158851932DD73BA900ABB8A3 /* SafariWebExtensionHandler.swift in Sources */ = {isa = PBXBuildFile; fileRef = 158851522DD73BA900ABB8A3 /* SafariWebExtensionHandler.swift */; };
		158851942DD73BA900ABB8A3 /* SafariWebExtensionHandler.swift in Sources */ = {isa = PBXBuildFile; fileRef = 158851522DD73BA900ABB8A3 /* SafariWebExtensionHandler.swift */; };
		158851AE2DD73BA900ABB8A3 /* bundle.css in Resources */ = {isa = PBXBuildFile; fileRef = 158851A62DD73BA900ABB8A3 /* bundle.css */; };
		158851AF2DD73BA900ABB8A3 /* settings.bundle.js in Resources */ = {isa = PBXBuildFile; fileRef = 158851A72DD73BA900ABB8A3 /* settings.bundle.js */; };
		158851B02DD73BA900ABB8A3 /* images in Resources */ = {isa = PBXBuildFile; fileRef = 158851A82DD73BA900ABB8A3 /* images */; };
		158851B12DD73BA900ABB8A3 /* popup.html in Resources */ = {isa = PBXBuildFile; fileRef = 158851A92DD73BA900ABB8A3 /* popup.html */; };
		158851B22DD73BA900ABB8A3 /* background.bundle.js in Resources */ = {isa = PBXBuildFile; fileRef = 158851AA2DD73BA900ABB8A3 /* background.bundle.js */; };
		158851B32DD73BA900ABB8A3 /* manifest.json in Resources */ = {isa = PBXBuildFile; fileRef = 158851AB2DD73BA900ABB8A3 /* manifest.json */; };
		158851B42DD73BA900ABB8A3 /* settings.html in Resources */ = {isa = PBXBuildFile; fileRef = 158851AC2DD73BA900ABB8A3 /* settings.html */; };
		158851B52DD73BA900ABB8A3 /* popup.bundle.js in Resources */ = {isa = PBXBuildFile; fileRef = 158851AD2DD73BA900ABB8A3 /* popup.bundle.js */; };
		158851B62DD73BA900ABB8A3 /* bundle.css in Resources */ = {isa = PBXBuildFile; fileRef = 158851A62DD73BA900ABB8A3 /* bundle.css */; };
		158851B72DD73BA900ABB8A3 /* settings.bundle.js in Resources */ = {isa = PBXBuildFile; fileRef = 158851A72DD73BA900ABB8A3 /* settings.bundle.js */; };
		158851B82DD73BA900ABB8A3 /* images in Resources */ = {isa = PBXBuildFile; fileRef = 158851A82DD73BA900ABB8A3 /* images */; };
		158851B92DD73BA900ABB8A3 /* popup.html in Resources */ = {isa = PBXBuildFile; fileRef = 158851A92DD73BA900ABB8A3 /* popup.html */; };
		158851BA2DD73BA900ABB8A3 /* background.bundle.js in Resources */ = {isa = PBXBuildFile; fileRef = 158851AA2DD73BA900ABB8A3 /* background.bundle.js */; };
		158851BB2DD73BA900ABB8A3 /* manifest.json in Resources */ = {isa = PBXBuildFile; fileRef = 158851AB2DD73BA900ABB8A3 /* manifest.json */; };
		158851BC2DD73BA900ABB8A3 /* settings.html in Resources */ = {isa = PBXBuildFile; fileRef = 158851AC2DD73BA900ABB8A3 /* settings.html */; };
		158851BD2DD73BA900ABB8A3 /* popup.bundle.js in Resources */ = {isa = PBXBuildFile; fileRef = 158851AD2DD73BA900ABB8A3 /* popup.bundle.js */; };
/* End PBXBuildFile section */

/* Begin PBXContainerItemProxy section */
		158851782DD73BA900ABB8A3 /* PBXContainerItemProxy */ = {
			isa = PBXContainerItemProxy;
			containerPortal = 158851442DD73BA800ABB8A3 /* Project object */;
			proxyType = 1;
			remoteGlobalIDString = 158851752DD73BA900ABB8A3;
			remoteInfo = "Safelyx Extension (iOS)";
		};
		158851822DD73BA900ABB8A3 /* PBXContainerItemProxy */ = {
			isa = PBXContainerItemProxy;
			containerPortal = 158851442DD73BA800ABB8A3 /* Project object */;
			proxyType = 1;
			remoteGlobalIDString = 1588517F2DD73BA900ABB8A3;
			remoteInfo = "Safelyx Extension (macOS)";
		};
/* End PBXContainerItemProxy section */

/* Begin PBXCopyFilesBuildPhase section */
		1588519A2DD73BA900ABB8A3 /* Embed Foundation Extensions */ = {
			isa = PBXCopyFilesBuildPhase;
			buildActionMask = 2147483647;
			dstPath = "";
			dstSubfolderSpec = 13;
			files = (
				158851772DD73BA900ABB8A3 /* Safelyx Extension.appex in Embed Foundation Extensions */,
			);
			name = "Embed Foundation Extensions";
			runOnlyForDeploymentPostprocessing = 0;
		};
		158851A12DD73BA900ABB8A3 /* Embed Foundation Extensions */ = {
			isa = PBXCopyFilesBuildPhase;
			buildActionMask = 2147483647;
			dstPath = "";
			dstSubfolderSpec = 13;
			files = (
				158851812DD73BA900ABB8A3 /* Safelyx Extension.appex in Embed Foundation Extensions */,
			);
			name = "Embed Foundation Extensions";
			runOnlyForDeploymentPostprocessing = 0;
		};
/* End PBXCopyFilesBuildPhase section */

/* Begin PBXFileReference section */
		1588514B2DD73BA800ABB8A3 /* Base */ = {isa = PBXFileReference; lastKnownFileType = text.html; name = Base; path = Base.lproj/Main.html; sourceTree = "<group>"; };
		1588514C2DD73BA800ABB8A3 /* Icon.png */ = {isa = PBXFileReference; lastKnownFileType = image.png; path = Icon.png; sourceTree = "<group>"; };
		1588514D2DD73BA800ABB8A3 /* Style.css */ = {isa = PBXFileReference; lastKnownFileType = text.css; path = Style.css; sourceTree = "<group>"; };
		1588514E2DD73BA800ABB8A3 /* Script.js */ = {isa = PBXFileReference; lastKnownFileType = sourcecode.javascript; path = Script.js; sourceTree = "<group>"; };
		1588514F2DD73BA800ABB8A3 /* ViewController.swift */ = {isa = PBXFileReference; lastKnownFileType = sourcecode.swift; path = ViewController.swift; sourceTree = "<group>"; };
		158851502DD73BA900ABB8A3 /* Assets.xcassets */ = {isa = PBXFileReference; lastKnownFileType = folder.assetcatalog; path = Assets.xcassets; sourceTree = "<group>"; };
		158851522DD73BA900ABB8A3 /* SafariWebExtensionHandler.swift */ = {isa = PBXFileReference; lastKnownFileType = sourcecode.swift; path = SafariWebExtensionHandler.swift; sourceTree = "<group>"; };
		158851572DD73BA900ABB8A3 /* Safelyx.app */ = {isa = PBXFileReference; explicitFileType = wrapper.application; includeInIndex = 0; path = Safelyx.app; sourceTree = BUILT_PRODUCTS_DIR; };
		1588515A2DD73BA900ABB8A3 /* AppDelegate.swift */ = {isa = PBXFileReference; lastKnownFileType = sourcecode.swift; path = AppDelegate.swift; sourceTree = "<group>"; };
		1588515C2DD73BA900ABB8A3 /* SceneDelegate.swift */ = {isa = PBXFileReference; lastKnownFileType = sourcecode.swift; path = SceneDelegate.swift; sourceTree = "<group>"; };
		1588515F2DD73BA900ABB8A3 /* Base */ = {isa = PBXFileReference; lastKnownFileType = file.storyboard; name = Base; path = Base.lproj/LaunchScreen.storyboard; sourceTree = "<group>"; };
		158851622DD73BA900ABB8A3 /* Base */ = {isa = PBXFileReference; lastKnownFileType = file.storyboard; name = Base; path = Base.lproj/Main.storyboard; sourceTree = "<group>"; };
		158851642DD73BA900ABB8A3 /* Info.plist */ = {isa = PBXFileReference; lastKnownFileType = text.plist.xml; path = Info.plist; sourceTree = "<group>"; };
		158851692DD73BA900ABB8A3 /* Safelyx.app */ = {isa = PBXFileReference; explicitFileType = wrapper.application; includeInIndex = 0; path = Safelyx.app; sourceTree = BUILT_PRODUCTS_DIR; };
		1588516B2DD73BA900ABB8A3 /* AppDelegate.swift */ = {isa = PBXFileReference; lastKnownFileType = sourcecode.swift; path = AppDelegate.swift; sourceTree = "<group>"; };
		1588516E2DD73BA900ABB8A3 /* Base */ = {isa = PBXFileReference; lastKnownFileType = file.storyboard; name = Base; path = Base.lproj/Main.storyboard; sourceTree = "<group>"; };
		158851702DD73BA900ABB8A3 /* Info.plist */ = {isa = PBXFileReference; lastKnownFileType = text.plist.xml; path = Info.plist; sourceTree = "<group>"; };
		158851712DD73BA900ABB8A3 /* Safelyx.entitlements */ = {isa = PBXFileReference; lastKnownFileType = text.plist.entitlements; path = Safelyx.entitlements; sourceTree = "<group>"; };
		158851762DD73BA900ABB8A3 /* Safelyx Extension.appex */ = {isa = PBXFileReference; explicitFileType = "wrapper.app-extension"; includeInIndex = 0; path = "Safelyx Extension.appex"; sourceTree = BUILT_PRODUCTS_DIR; };
		1588517B2DD73BA900ABB8A3 /* Info.plist */ = {isa = PBXFileReference; lastKnownFileType = text.plist.xml; path = Info.plist; sourceTree = "<group>"; };
		158851802DD73BA900ABB8A3 /* Safelyx Extension.appex */ = {isa = PBXFileReference; explicitFileType = "wrapper.app-extension"; includeInIndex = 0; path = "Safelyx Extension.appex"; sourceTree = BUILT_PRODUCTS_DIR; };
		158851852DD73BA900ABB8A3 /* Info.plist */ = {isa = PBXFileReference; lastKnownFileType = text.plist.xml; path = Info.plist; sourceTree = "<group>"; };
		158851862DD73BA900ABB8A3 /* Safelyx.entitlements */ = {isa = PBXFileReference; lastKnownFileType = text.plist.entitlements; path = Safelyx.entitlements; sourceTree = "<group>"; };
		158851A62DD73BA900ABB8A3 /* bundle.css */ = {isa = PBXFileReference; lastKnownFileType = text.css; name = bundle.css; path = ../../../dist/safari/bundle.css; sourceTree = "<group>"; };
		158851A72DD73BA900ABB8A3 /* settings.bundle.js */ = {isa = PBXFileReference; lastKnownFileType = sourcecode.javascript; name = settings.bundle.js; path = ../../../dist/safari/settings.bundle.js; sourceTree = "<group>"; };
		158851A82DD73BA900ABB8A3 /* images */ = {isa = PBXFileReference; lastKnownFileType = folder; name = images; path = ../../../dist/safari/images; sourceTree = "<group>"; };
		158851A92DD73BA900ABB8A3 /* popup.html */ = {isa = PBXFileReference; lastKnownFileType = text.html; name = popup.html; path = ../../../dist/safari/popup.html; sourceTree = "<group>"; };
		158851AA2DD73BA900ABB8A3 /* background.bundle.js */ = {isa = PBXFileReference; lastKnownFileType = sourcecode.javascript; name = background.bundle.js; path = ../../../dist/safari/background.bundle.js; sourceTree = "<group>"; };
		158851AB2DD73BA900ABB8A3 /* manifest.json */ = {isa = PBXFileReference; lastKnownFileType = text.json; name = manifest.json; path = ../../../dist/safari/manifest.json; sourceTree = "<group>"; };
		158851AC2DD73BA900ABB8A3 /* settings.html */ = {isa = PBXFileReference; lastKnownFileType = text.html; name = settings.html; path = ../../../dist/safari/settings.html; sourceTree = "<group>"; };
		158851AD2DD73BA900ABB8A3 /* popup.bundle.js */ = {isa = PBXFileReference; lastKnownFileType = sourcecode.javascript; name = popup.bundle.js; path = ../../../dist/safari/popup.bundle.js; sourceTree = "<group>"; };
/* End PBXFileReference section */

/* Begin PBXFrameworksBuildPhase section */
		158851542DD73BA900ABB8A3 /* Frameworks */ = {
			isa = PBXFrameworksBuildPhase;
			buildActionMask = 2147483647;
			files = (
			);
			runOnlyForDeploymentPostprocessing = 0;
		};
		158851662DD73BA900ABB8A3 /* Frameworks */ = {
			isa = PBXFrameworksBuildPhase;
			buildActionMask = 2147483647;
			files = (
			);
			runOnlyForDeploymentPostprocessing = 0;
		};
		158851732DD73BA900ABB8A3 /* Frameworks */ = {
			isa = PBXFrameworksBuildPhase;
			buildActionMask = 2147483647;
			files = (
			);
			runOnlyForDeploymentPostprocessing = 0;
		};
		1588517D2DD73BA900ABB8A3 /* Frameworks */ = {
			isa = PBXFrameworksBuildPhase;
			buildActionMask = 2147483647;
			files = (
			);
			runOnlyForDeploymentPostprocessing = 0;
		};
/* End PBXFrameworksBuildPhase section */

/* Begin PBXGroup section */
		158851432DD73BA800ABB8A3 = {
			isa = PBXGroup;
			children = (
				158851482DD73BA800ABB8A3 /* Shared (App) */,
				158851512DD73BA900ABB8A3 /* Shared (Extension) */,
				158851592DD73BA900ABB8A3 /* iOS (App) */,
				1588516A2DD73BA900ABB8A3 /* macOS (App) */,
				1588517A2DD73BA900ABB8A3 /* iOS (Extension) */,
				158851842DD73BA900ABB8A3 /* macOS (Extension) */,
				158851582DD73BA900ABB8A3 /* Products */,
			);
			sourceTree = "<group>";
		};
		158851482DD73BA800ABB8A3 /* Shared (App) */ = {
			isa = PBXGroup;
			children = (
				1588514F2DD73BA800ABB8A3 /* ViewController.swift */,
				158851502DD73BA900ABB8A3 /* Assets.xcassets */,
				158851492DD73BA800ABB8A3 /* Resources */,
			);
			path = "Shared (App)";
			sourceTree = "<group>";
		};
		158851492DD73BA800ABB8A3 /* Resources */ = {
			isa = PBXGroup;
			children = (
				1588514A2DD73BA800ABB8A3 /* Main.html */,
				1588514C2DD73BA800ABB8A3 /* Icon.png */,
				1588514D2DD73BA800ABB8A3 /* Style.css */,
				1588514E2DD73BA800ABB8A3 /* Script.js */,
			);
			path = Resources;
			sourceTree = "<group>";
		};
		158851512DD73BA900ABB8A3 /* Shared (Extension) */ = {
			isa = PBXGroup;
			children = (
				158851A52DD73BA900ABB8A3 /* Resources */,
				158851522DD73BA900ABB8A3 /* SafariWebExtensionHandler.swift */,
			);
			path = "Shared (Extension)";
			sourceTree = "<group>";
		};
		158851582DD73BA900ABB8A3 /* Products */ = {
			isa = PBXGroup;
			children = (
				158851572DD73BA900ABB8A3 /* Safelyx.app */,
				158851692DD73BA900ABB8A3 /* Safelyx.app */,
				158851762DD73BA900ABB8A3 /* Safelyx Extension.appex */,
				158851802DD73BA900ABB8A3 /* Safelyx Extension.appex */,
			);
			name = Products;
			sourceTree = "<group>";
		};
		158851592DD73BA900ABB8A3 /* iOS (App) */ = {
			isa = PBXGroup;
			children = (
				1588515A2DD73BA900ABB8A3 /* AppDelegate.swift */,
				1588515C2DD73BA900ABB8A3 /* SceneDelegate.swift */,
				1588515E2DD73BA900ABB8A3 /* LaunchScreen.storyboard */,
				158851612DD73BA900ABB8A3 /* Main.storyboard */,
				158851642DD73BA900ABB8A3 /* Info.plist */,
			);
			path = "iOS (App)";
			sourceTree = "<group>";
		};
		1588516A2DD73BA900ABB8A3 /* macOS (App) */ = {
			isa = PBXGroup;
			children = (
				1588516B2DD73BA900ABB8A3 /* AppDelegate.swift */,
				1588516D2DD73BA900ABB8A3 /* Main.storyboard */,
				158851702DD73BA900ABB8A3 /* Info.plist */,
				158851712DD73BA900ABB8A3 /* Safelyx.entitlements */,
			);
			path = "macOS (App)";
			sourceTree = "<group>";
		};
		1588517A2DD73BA900ABB8A3 /* iOS (Extension) */ = {
			isa = PBXGroup;
			children = (
				1588517B2DD73BA900ABB8A3 /* Info.plist */,
			);
			path = "iOS (Extension)";
			sourceTree = "<group>";
		};
		158851842DD73BA900ABB8A3 /* macOS (Extension) */ = {
			isa = PBXGroup;
			children = (
				158851852DD73BA900ABB8A3 /* Info.plist */,
				158851862DD73BA900ABB8A3 /* Safelyx.entitlements */,
			);
			path = "macOS (Extension)";
			sourceTree = "<group>";
		};
		158851A52DD73BA900ABB8A3 /* Resources */ = {
			isa = PBXGroup;
			children = (
				158851A62DD73BA900ABB8A3 /* bundle.css */,
				158851A72DD73BA900ABB8A3 /* settings.bundle.js */,
				158851A82DD73BA900ABB8A3 /* images */,
				158851A92DD73BA900ABB8A3 /* popup.html */,
				158851AA2DD73BA900ABB8A3 /* background.bundle.js */,
				158851AB2DD73BA900ABB8A3 /* manifest.json */,
				158851AC2DD73BA900ABB8A3 /* settings.html */,
				158851AD2DD73BA900ABB8A3 /* popup.bundle.js */,
			);
			name = Resources;
			path = "Shared (Extension)";
			sourceTree = SOURCE_ROOT;
		};
/* End PBXGroup section */

/* Begin PBXNativeTarget section */
		158851562DD73BA900ABB8A3 /* Safelyx (iOS) */ = {
			isa = PBXNativeTarget;
			buildConfigurationList = 1588519B2DD73BA900ABB8A3 /* Build configuration list for PBXNativeTarget "Safelyx (iOS)" */;
			buildPhases = (
				158851532DD73BA900ABB8A3 /* Sources */,
				158851542DD73BA900ABB8A3 /* Frameworks */,
				158851552DD73BA900ABB8A3 /* Resources */,
				1588519A2DD73BA900ABB8A3 /* Embed Foundation Extensions */,
			);
			buildRules = (
			);
			dependencies = (
				158851792DD73BA900ABB8A3 /* PBXTargetDependency */,
			);
			name = "Safelyx (iOS)";
			packageProductDependencies = (
			);
			productName = "Safelyx (iOS)";
			productReference = 158851572DD73BA900ABB8A3 /* Safelyx.app */;
			productType = "com.apple.product-type.application";
		};
		158851682DD73BA900ABB8A3 /* Safelyx (macOS) */ = {
			isa = PBXNativeTarget;
			buildConfigurationList = 158851A22DD73BA900ABB8A3 /* Build configuration list for PBXNativeTarget "Safelyx (macOS)" */;
			buildPhases = (
				158851652DD73BA900ABB8A3 /* Sources */,
				158851662DD73BA900ABB8A3 /* Frameworks */,
				158851672DD73BA900ABB8A3 /* Resources */,
				158851A12DD73BA900ABB8A3 /* Embed Foundation Extensions */,
			);
			buildRules = (
			);
			dependencies = (
				158851832DD73BA900ABB8A3 /* PBXTargetDependency */,
			);
			name = "Safelyx (macOS)";
			packageProductDependencies = (
			);
			productName = "Safelyx (macOS)";
			productReference = 158851692DD73BA900ABB8A3 /* Safelyx.app */;
			productType = "com.apple.product-type.application";
		};
		158851752DD73BA900ABB8A3 /* Safelyx Extension (iOS) */ = {
			isa = PBXNativeTarget;
			buildConfigurationList = 158851972DD73BA900ABB8A3 /* Build configuration list for PBXNativeTarget "Safelyx Extension (iOS)" */;
			buildPhases = (
				158851722DD73BA900ABB8A3 /* Sources */,
				158851732DD73BA900ABB8A3 /* Frameworks */,
				158851742DD73BA900ABB8A3 /* Resources */,
			);
			buildRules = (
			);
			dependencies = (
			);
			name = "Safelyx Extension (iOS)";
			packageProductDependencies = (
			);
			productName = "Safelyx Extension (iOS)";
			productReference = 158851762DD73BA900ABB8A3 /* Safelyx Extension.appex */;
			productType = "com.apple.product-type.app-extension";
		};
		1588517F2DD73BA900ABB8A3 /* Safelyx Extension (macOS) */ = {
			isa = PBXNativeTarget;
			buildConfigurationList = 1588519E2DD73BA900ABB8A3 /* Build configuration list for PBXNativeTarget "Safelyx Extension (macOS)" */;
			buildPhases = (
				1588517C2DD73BA900ABB8A3 /* Sources */,
				1588517D2DD73BA900ABB8A3 /* Frameworks */,
				1588517E2DD73BA900ABB8A3 /* Resources */,
			);
			buildRules = (
			);
			dependencies = (
			);
			name = "Safelyx Extension (macOS)";
			packageProductDependencies = (
			);
			productName = "Safelyx Extension (macOS)";
			productReference = 158851802DD73BA900ABB8A3 /* Safelyx Extension.appex */;
			productType = "com.apple.product-type.app-extension";
		};
/* End PBXNativeTarget section */

/* Begin PBXProject section */
		158851442DD73BA800ABB8A3 /* Project object */ = {
			isa = PBXProject;
			attributes = {
				BuildIndependentTargetsInParallel = 1;
				LastSwiftUpdateCheck = 1630;
				LastUpgradeCheck = 1630;
				TargetAttributes = {
					158851562DD73BA900ABB8A3 = {
						CreatedOnToolsVersion = 16.3;
					};
					158851682DD73BA900ABB8A3 = {
						CreatedOnToolsVersion = 16.3;
					};
					158851752DD73BA900ABB8A3 = {
						CreatedOnToolsVersion = 16.3;
					};
					1588517F2DD73BA900ABB8A3 = {
						CreatedOnToolsVersion = 16.3;
					};
				};
			};
			buildConfigurationList = 158851472DD73BA800ABB8A3 /* Build configuration list for PBXProject "Safelyx" */;
			developmentRegion = en;
			hasScannedForEncodings = 0;
			knownRegions = (
				en,
				Base,
			);
			mainGroup = 158851432DD73BA800ABB8A3;
			minimizedProjectReferenceProxies = 1;
			preferredProjectObjectVersion = 77;
			productRefGroup = 158851582DD73BA900ABB8A3 /* Products */;
			projectDirPath = "";
			projectRoot = "";
			targets = (
				158851562DD73BA900ABB8A3 /* Safelyx (iOS) */,
				158851682DD73BA900ABB8A3 /* Safelyx (macOS) */,
				158851752DD73BA900ABB8A3 /* Safelyx Extension (iOS) */,
				1588517F2DD73BA900ABB8A3 /* Safelyx Extension (macOS) */,
			);
		};
/* End PBXProject section */

/* Begin PBXResourcesBuildPhase section */
		158851552DD73BA900ABB8A3 /* Resources */ = {
			isa = PBXResourcesBuildPhase;
			buildActionMask = 2147483647;
			files = (
				158851892DD73BA900ABB8A3 /* Icon.png in Resources */,
				158851602DD73BA900ABB8A3 /* LaunchScreen.storyboard in Resources */,
				158851872DD73BA900ABB8A3 /* Main.html in Resources */,
				1588518D2DD73BA900ABB8A3 /* Script.js in Resources */,
				158851912DD73BA900ABB8A3 /* Assets.xcassets in Resources */,
				158851632DD73BA900ABB8A3 /* Main.storyboard in Resources */,
				1588518B2DD73BA900ABB8A3 /* Style.css in Resources */,
			);
			runOnlyForDeploymentPostprocessing = 0;
		};
		158851672DD73BA900ABB8A3 /* Resources */ = {
			isa = PBXResourcesBuildPhase;
			buildActionMask = 2147483647;
			files = (
				1588518A2DD73BA900ABB8A3 /* Icon.png in Resources */,
				1588518C2DD73BA900ABB8A3 /* Style.css in Resources */,
				1588516F2DD73BA900ABB8A3 /* Main.storyboard in Resources */,
				1588518E2DD73BA900ABB8A3 /* Script.js in Resources */,
				158851922DD73BA900ABB8A3 /* Assets.xcassets in Resources */,
				158851882DD73BA900ABB8A3 /* Main.html in Resources */,
			);
			runOnlyForDeploymentPostprocessing = 0;
		};
		158851742DD73BA900ABB8A3 /* Resources */ = {
			isa = PBXResourcesBuildPhase;
			buildActionMask = 2147483647;
			files = (
				158851BA2DD73BA900ABB8A3 /* background.bundle.js in Resources */,
				158851B82DD73BA900ABB8A3 /* images in Resources */,
				158851B92DD73BA900ABB8A3 /* popup.html in Resources */,
				158851BC2DD73BA900ABB8A3 /* settings.html in Resources */,
				158851B72DD73BA900ABB8A3 /* settings.bundle.js in Resources */,
				158851BB2DD73BA900ABB8A3 /* manifest.json in Resources */,
				158851BD2DD73BA900ABB8A3 /* popup.bundle.js in Resources */,
				158851B62DD73BA900ABB8A3 /* bundle.css in Resources */,
			);
			runOnlyForDeploymentPostprocessing = 0;
		};
		1588517E2DD73BA900ABB8A3 /* Resources */ = {
			isa = PBXResourcesBuildPhase;
			buildActionMask = 2147483647;
			files = (
				158851B22DD73BA900ABB8A3 /* background.bundle.js in Resources */,
				158851B02DD73BA900ABB8A3 /* images in Resources */,
				158851B12DD73BA900ABB8A3 /* popup.html in Resources */,
				158851B42DD73BA900ABB8A3 /* settings.html in Resources */,
				158851AF2DD73BA900ABB8A3 /* settings.bundle.js in Resources */,
				158851B32DD73BA900ABB8A3 /* manifest.json in Resources */,
				158851B52DD73BA900ABB8A3 /* popup.bundle.js in Resources */,
				158851AE2DD73BA900ABB8A3 /* bundle.css in Resources */,
			);
			runOnlyForDeploymentPostprocessing = 0;
		};
/* End PBXResourcesBuildPhase section */

/* Begin PBXSourcesBuildPhase section */
		158851532DD73BA900ABB8A3 /* Sources */ = {
			isa = PBXSourcesBuildPhase;
			buildActionMask = 2147483647;
			files = (
				1588518F2DD73BA900ABB8A3 /* ViewController.swift in Sources */,
				1588515B2DD73BA900ABB8A3 /* AppDelegate.swift in Sources */,
				1588515D2DD73BA900ABB8A3 /* SceneDelegate.swift in Sources */,
			);
			runOnlyForDeploymentPostprocessing = 0;
		};
		158851652DD73BA900ABB8A3 /* Sources */ = {
			isa = PBXSourcesBuildPhase;
			buildActionMask = 2147483647;
			files = (
				158851902DD73BA900ABB8A3 /* ViewController.swift in Sources */,
				1588516C2DD73BA900ABB8A3 /* AppDelegate.swift in Sources */,
			);
			runOnlyForDeploymentPostprocessing = 0;
		};
		158851722DD73BA900ABB8A3 /* Sources */ = {
			isa = PBXSourcesBuildPhase;
			buildActionMask = 2147483647;
			files = (
				158851932DD73BA900ABB8A3 /* SafariWebExtensionHandler.swift in Sources */,
			);
			runOnlyForDeploymentPostprocessing = 0;
		};
		1588517C2DD73BA900ABB8A3 /* Sources */ = {
			isa = PBXSourcesBuildPhase;
			buildActionMask = 2147483647;
			files = (
				158851942DD73BA900ABB8A3 /* SafariWebExtensionHandler.swift in Sources */,
			);
			runOnlyForDeploymentPostprocessing = 0;
		};
/* End PBXSourcesBuildPhase section */

/* Begin PBXTargetDependency section */
		158851792DD73BA900ABB8A3 /* PBXTargetDependency */ = {
			isa = PBXTargetDependency;
			target = 158851752DD73BA900ABB8A3 /* Safelyx Extension (iOS) */;
			targetProxy = 158851782DD73BA900ABB8A3 /* PBXContainerItemProxy */;
		};
		158851832DD73BA900ABB8A3 /* PBXTargetDependency */ = {
			isa = PBXTargetDependency;
			target = 1588517F2DD73BA900ABB8A3 /* Safelyx Extension (macOS) */;
			targetProxy = 158851822DD73BA900ABB8A3 /* PBXContainerItemProxy */;
		};
/* End PBXTargetDependency section */

/* Begin PBXVariantGroup section */
		1588514A2DD73BA800ABB8A3 /* Main.html */ = {
			isa = PBXVariantGroup;
			children = (
				1588514B2DD73BA800ABB8A3 /* Base */,
			);
			name = Main.html;
			sourceTree = "<group>";
		};
		1588515E2DD73BA900ABB8A3 /* LaunchScreen.storyboard */ = {
			isa = PBXVariantGroup;
			children = (
				1588515F2DD73BA900ABB8A3 /* Base */,
			);
			name = LaunchScreen.storyboard;
			sourceTree = "<group>";
		};
		158851612DD73BA900ABB8A3 /* Main.storyboard */ = {
			isa = PBXVariantGroup;
			children = (
				158851622DD73BA900ABB8A3 /* Base */,
			);
			name = Main.storyboard;
			sourceTree = "<group>";
		};
		1588516D2DD73BA900ABB8A3 /* Main.storyboard */ = {
			isa = PBXVariantGroup;
			children = (
				1588516E2DD73BA900ABB8A3 /* Base */,
			);
			name = Main.storyboard;
			sourceTree = "<group>";
		};
/* End PBXVariantGroup section */

/* Begin XCBuildConfiguration section */
		158851952DD73BA900ABB8A3 /* Debug */ = {
			isa = XCBuildConfiguration;
			buildSettings = {
				ALWAYS_SEARCH_USER_PATHS = NO;
				ASSETCATALOG_COMPILER_GENERATE_SWIFT_ASSET_SYMBOL_EXTENSIONS = YES;
				CLANG_ANALYZER_NONNULL = YES;
				CLANG_ANALYZER_NUMBER_OBJECT_CONVERSION = YES_AGGRESSIVE;
				CLANG_CXX_LANGUAGE_STANDARD = "gnu++20";
				CLANG_ENABLE_MODULES = YES;
				CLANG_ENABLE_OBJC_ARC = YES;
				CLANG_ENABLE_OBJC_WEAK = YES;
				CLANG_WARN_BLOCK_CAPTURE_AUTORELEASING = YES;
				CLANG_WARN_BOOL_CONVERSION = YES;
				CLANG_WARN_COMMA = YES;
				CLANG_WARN_CONSTANT_CONVERSION = YES;
				CLANG_WARN_DEPRECATED_OBJC_IMPLEMENTATIONS = YES;
				CLANG_WARN_DIRECT_OBJC_ISA_USAGE = YES_ERROR;
				CLANG_WARN_DOCUMENTATION_COMMENTS = YES;
				CLANG_WARN_EMPTY_BODY = YES;
				CLANG_WARN_ENUM_CONVERSION = YES;
				CLANG_WARN_INFINITE_RECURSION = YES;
				CLANG_WARN_INT_CONVERSION = YES;
				CLANG_WARN_NON_LITERAL_NULL_CONVERSION = YES;
				CLANG_WARN_OBJC_IMPLICIT_RETAIN_SELF = YES;
				CLANG_WARN_OBJC_LITERAL_CONVERSION = YES;
				CLANG_WARN_OBJC_ROOT_CLASS = YES_ERROR;
				CLANG_WARN_QUOTED_INCLUDE_IN_FRAMEWORK_HEADER = YES;
				CLANG_WARN_RANGE_LOOP_ANALYSIS = YES;
				CLANG_WARN_STRICT_PROTOTYPES = YES;
				CLANG_WARN_SUSPICIOUS_MOVE = YES;
				CLANG_WARN_UNGUARDED_AVAILABILITY = YES_AGGRESSIVE;
				CLANG_WARN_UNREACHABLE_CODE = YES;
				CLANG_WARN__DUPLICATE_METHOD_MATCH = YES;
				COPY_PHASE_STRIP = NO;
				DEBUG_INFORMATION_FORMAT = dwarf;
				ENABLE_STRICT_OBJC_MSGSEND = YES;
				ENABLE_TESTABILITY = YES;
				ENABLE_USER_SCRIPT_SANDBOXING = YES;
				GCC_C_LANGUAGE_STANDARD = gnu17;
				GCC_DYNAMIC_NO_PIC = NO;
				GCC_NO_COMMON_BLOCKS = YES;
				GCC_OPTIMIZATION_LEVEL = 0;
				GCC_PREPROCESSOR_DEFINITIONS = (
					"DEBUG=1",
					"$(inherited)",
				);
				GCC_WARN_64_TO_32_BIT_CONVERSION = YES;
				GCC_WARN_ABOUT_RETURN_TYPE = YES_ERROR;
				GCC_WARN_UNDECLARED_SELECTOR = YES;
				GCC_WARN_UNINITIALIZED_AUTOS = YES_AGGRESSIVE;
				GCC_WARN_UNUSED_FUNCTION = YES;
				GCC_WARN_UNUSED_VARIABLE = YES;
				LOCALIZATION_PREFERS_STRING_CATALOGS = YES;
				MTL_ENABLE_DEBUG_INFO = INCLUDE_SOURCE;
				MTL_FAST_MATH = YES;
				ONLY_ACTIVE_ARCH = YES;
				SWIFT_ACTIVE_COMPILATION_CONDITIONS = "DEBUG $(inherited)";
				SWIFT_OPTIMIZATION_LEVEL = "-Onone";
			};
			name = Debug;
		};
		158851962DD73BA900ABB8A3 /* Release */ = {
			isa = XCBuildConfiguration;
			buildSettings = {
				ALWAYS_SEARCH_USER_PATHS = NO;
				ASSETCATALOG_COMPILER_GENERATE_SWIFT_ASSET_SYMBOL_EXTENSIONS = YES;
				CLANG_ANALYZER_NONNULL = YES;
				CLANG_ANALYZER_NUMBER_OBJECT_CONVERSION = YES_AGGRESSIVE;
				CLANG_CXX_LANGUAGE_STANDARD = "gnu++20";
				CLANG_ENABLE_MODULES = YES;
				CLANG_ENABLE_OBJC_ARC = YES;
				CLANG_ENABLE_OBJC_WEAK = YES;
				CLANG_WARN_BLOCK_CAPTURE_AUTORELEASING = YES;
				CLANG_WARN_BOOL_CONVERSION = YES;
				CLANG_WARN_COMMA = YES;
				CLANG_WARN_CONSTANT_CONVERSION = YES;
				CLANG_WARN_DEPRECATED_OBJC_IMPLEMENTATIONS = YES;
				CLANG_WARN_DIRECT_OBJC_ISA_USAGE = YES_ERROR;
				CLANG_WARN_DOCUMENTATION_COMMENTS = YES;
				CLANG_WARN_EMPTY_BODY = YES;
				CLANG_WARN_ENUM_CONVERSION = YES;
				CLANG_WARN_INFINITE_RECURSION = YES;
				CLANG_WARN_INT_CONVERSION = YES;
				CLANG_WARN_NON_LITERAL_NULL_CONVERSION = YES;
				CLANG_WARN_OBJC_IMPLICIT_RETAIN_SELF = YES;
				CLANG_WARN_OBJC_LITERAL_CONVERSION = YES;
				CLANG_WARN_OBJC_ROOT_CLASS = YES_ERROR;
				CLANG_WARN_QUOTED_INCLUDE_IN_FRAMEWORK_HEADER = YES;
				CLANG_WARN_RANGE_LOOP_ANALYSIS = YES;
				CLANG_WARN_STRICT_PROTOTYPES = YES;
				CLANG_WARN_SUSPICIOUS_MOVE = YES;
				CLANG_WARN_UNGUARDED_AVAILABILITY = YES_AGGRESSIVE;
				CLANG_WARN_UNREACHABLE_CODE = YES;
				CLANG_WARN__DUPLICATE_METHOD_MATCH = YES;
				COPY_PHASE_STRIP = NO;
				DEBUG_INFORMATION_FORMAT = "dwarf-with-dsym";
				ENABLE_NS_ASSERTIONS = NO;
				ENABLE_STRICT_OBJC_MSGSEND = YES;
				ENABLE_USER_SCRIPT_SANDBOXING = YES;
				GCC_C_LANGUAGE_STANDARD = gnu17;
				GCC_NO_COMMON_BLOCKS = YES;
				GCC_WARN_64_TO_32_BIT_CONVERSION = YES;
				GCC_WARN_ABOUT_RETURN_TYPE = YES_ERROR;
				GCC_WARN_UNDECLARED_SELECTOR = YES;
				GCC_WARN_UNINITIALIZED_AUTOS = YES_AGGRESSIVE;
				GCC_WARN_UNUSED_FUNCTION = YES;
				GCC_WARN_UNUSED_VARIABLE = YES;
				LOCALIZATION_PREFERS_STRING_CATALOGS = YES;
				MTL_ENABLE_DEBUG_INFO = NO;
				MTL_FAST_MATH = YES;
				SWIFT_COMPILATION_MODE = wholemodule;
			};
			name = Release;
		};
		158851982DD73BA900ABB8A3 /* Debug */ = {
			isa = XCBuildConfiguration;
			buildSettings = {
				CODE_SIGN_STYLE = Automatic;
				CURRENT_PROJECT_VERSION = 1;
				DEVELOPMENT_TEAM = BR4RWWLMM9;
				GENERATE_INFOPLIST_FILE = YES;
				INFOPLIST_FILE = "iOS (Extension)/Info.plist";
				INFOPLIST_KEY_CFBundleDisplayName = "Safelyx Extension";
				INFOPLIST_KEY_NSHumanReadableCopyright = "";
				IPHONEOS_DEPLOYMENT_TARGET = 15.0;
				LD_RUNPATH_SEARCH_PATHS = (
					"$(inherited)",
					"@executable_path/Frameworks",
					"@executable_path/../../Frameworks",
				);
				MARKETING_VERSION = 0.1.0;
				OTHER_LDFLAGS = (
					"-framework",
					SafariServices,
				);
				PRODUCT_BUNDLE_IDENTIFIER = com.safelyx.Safelyx.Extension;
				PRODUCT_NAME = "Safelyx Extension";
				SDKROOT = iphoneos;
				SKIP_INSTALL = YES;
				SWIFT_EMIT_LOC_STRINGS = YES;
				SWIFT_VERSION = 5.0;
				TARGETED_DEVICE_FAMILY = "1,2";
			};
			name = Debug;
		};
		158851992DD73BA900ABB8A3 /* Release */ = {
			isa = XCBuildConfiguration;
			buildSettings = {
				CODE_SIGN_STYLE = Automatic;
				CURRENT_PROJECT_VERSION = 1;
				DEVELOPMENT_TEAM = BR4RWWLMM9;
				GENERATE_INFOPLIST_FILE = YES;
				INFOPLIST_FILE = "iOS (Extension)/Info.plist";
				INFOPLIST_KEY_CFBundleDisplayName = "Safelyx Extension";
				INFOPLIST_KEY_NSHumanReadableCopyright = "";
				IPHONEOS_DEPLOYMENT_TARGET = 15.0;
				LD_RUNPATH_SEARCH_PATHS = (
					"$(inherited)",
					"@executable_path/Frameworks",
					"@executable_path/../../Frameworks",
				);
				MARKETING_VERSION = 0.1.0;
				OTHER_LDFLAGS = (
					"-framework",
					SafariServices,
				);
				PRODUCT_BUNDLE_IDENTIFIER = com.safelyx.Safelyx.Extension;
				PRODUCT_NAME = "Safelyx Extension";
				SDKROOT = iphoneos;
				SKIP_INSTALL = YES;
				SWIFT_EMIT_LOC_STRINGS = YES;
				SWIFT_VERSION = 5.0;
				TARGETED_DEVICE_FAMILY = "1,2";
				VALIDATE_PRODUCT = YES;
			};
			name = Release;
		};
		1588519C2DD73BA900ABB8A3 /* Debug */ = {
			isa = XCBuildConfiguration;
			buildSettings = {
				ASSETCATALOG_COMPILER_APPICON_NAME = AppIcon;
				ASSETCATALOG_COMPILER_GLOBAL_ACCENT_COLOR_NAME = AccentColor;
				CODE_SIGN_STYLE = Automatic;
				CURRENT_PROJECT_VERSION = 1;
				DEVELOPMENT_TEAM = BR4RWWLMM9;
				GENERATE_INFOPLIST_FILE = YES;
				INFOPLIST_FILE = "iOS (App)/Info.plist";
				INFOPLIST_KEY_CFBundleDisplayName = Safelyx;
				INFOPLIST_KEY_LSApplicationCategoryType = "public.app-category.utilities";
				INFOPLIST_KEY_UIApplicationSupportsIndirectInputEvents = YES;
				INFOPLIST_KEY_UILaunchStoryboardName = LaunchScreen;
				INFOPLIST_KEY_UIMainStoryboardFile = Main;
				INFOPLIST_KEY_UISupportedInterfaceOrientations = "UIInterfaceOrientationPortrait UIInterfaceOrientationLandscapeLeft UIInterfaceOrientationLandscapeRight";
				INFOPLIST_KEY_UISupportedInterfaceOrientations_iPad = "UIInterfaceOrientationPortrait UIInterfaceOrientationPortraitUpsideDown UIInterfaceOrientationLandscapeLeft UIInterfaceOrientationLandscapeRight";
				IPHONEOS_DEPLOYMENT_TARGET = 15.0;
				LD_RUNPATH_SEARCH_PATHS = (
					"$(inherited)",
					"@executable_path/Frameworks",
				);
				MARKETING_VERSION = 0.1.0;
				OTHER_LDFLAGS = (
					"-framework",
					SafariServices,
					"-framework",
					WebKit,
				);
				PRODUCT_BUNDLE_IDENTIFIER = com.safelyx.Safelyx;
				PRODUCT_NAME = Safelyx;
				SDKROOT = iphoneos;
				SWIFT_EMIT_LOC_STRINGS = YES;
				SWIFT_VERSION = 5.0;
				TARGETED_DEVICE_FAMILY = "1,2";
			};
			name = Debug;
		};
		1588519D2DD73BA900ABB8A3 /* Release */ = {
			isa = XCBuildConfiguration;
			buildSettings = {
				ASSETCATALOG_COMPILER_APPICON_NAME = AppIcon;
				ASSETCATALOG_COMPILER_GLOBAL_ACCENT_COLOR_NAME = AccentColor;
				CODE_SIGN_STYLE = Automatic;
				CURRENT_PROJECT_VERSION = 1;
				DEVELOPMENT_TEAM = BR4RWWLMM9;
				GENERATE_INFOPLIST_FILE = YES;
				INFOPLIST_FILE = "iOS (App)/Info.plist";
				INFOPLIST_KEY_CFBundleDisplayName = Safelyx;
				INFOPLIST_KEY_LSApplicationCategoryType = "public.app-category.utilities";
				INFOPLIST_KEY_UIApplicationSupportsIndirectInputEvents = YES;
				INFOPLIST_KEY_UILaunchStoryboardName = LaunchScreen;
				INFOPLIST_KEY_UIMainStoryboardFile = Main;
				INFOPLIST_KEY_UISupportedInterfaceOrientations = "UIInterfaceOrientationPortrait UIInterfaceOrientationLandscapeLeft UIInterfaceOrientationLandscapeRight";
				INFOPLIST_KEY_UISupportedInterfaceOrientations_iPad = "UIInterfaceOrientationPortrait UIInterfaceOrientationPortraitUpsideDown UIInterfaceOrientationLandscapeLeft UIInterfaceOrientationLandscapeRight";
				IPHONEOS_DEPLOYMENT_TARGET = 15.0;
				LD_RUNPATH_SEARCH_PATHS = (
					"$(inherited)",
					"@executable_path/Frameworks",
				);
				MARKETING_VERSION = 0.1.0;
				OTHER_LDFLAGS = (
					"-framework",
					SafariServices,
					"-framework",
					WebKit,
				);
				PRODUCT_BUNDLE_IDENTIFIER = com.safelyx.Safelyx;
				PRODUCT_NAME = Safelyx;
				SDKROOT = iphoneos;
				SWIFT_EMIT_LOC_STRINGS = YES;
				SWIFT_VERSION = 5.0;
				TARGETED_DEVICE_FAMILY = "1,2";
				VALIDATE_PRODUCT = YES;
			};
			name = Release;
		};
		1588519F2DD73BA900ABB8A3 /* Debug */ = {
			isa = XCBuildConfiguration;
			buildSettings = {
				CODE_SIGN_ENTITLEMENTS = "macOS (Extension)/Safelyx.entitlements";
				CODE_SIGN_STYLE = Automatic;
				CURRENT_PROJECT_VERSION = 1;
				DEVELOPMENT_TEAM = BR4RWWLMM9;
				ENABLE_HARDENED_RUNTIME = YES;
				GENERATE_INFOPLIST_FILE = YES;
				INFOPLIST_FILE = "macOS (Extension)/Info.plist";
				INFOPLIST_KEY_CFBundleDisplayName = "Safelyx Extension";
				INFOPLIST_KEY_NSHumanReadableCopyright = "";
				LD_RUNPATH_SEARCH_PATHS = (
					"$(inherited)",
					"@executable_path/../Frameworks",
					"@executable_path/../../../../Frameworks",
				);
				MACOSX_DEPLOYMENT_TARGET = 10.14;
				MARKETING_VERSION = 0.1.0;
				OTHER_LDFLAGS = (
					"-framework",
					SafariServices,
				);
				PRODUCT_BUNDLE_IDENTIFIER = com.safelyx.Safelyx.Extension;
				PRODUCT_NAME = "Safelyx Extension";
				SDKROOT = macosx;
				SKIP_INSTALL = YES;
				SWIFT_EMIT_LOC_STRINGS = YES;
				SWIFT_VERSION = 5.0;
			};
			name = Debug;
		};
		158851A02DD73BA900ABB8A3 /* Release */ = {
			isa = XCBuildConfiguration;
			buildSettings = {
				CODE_SIGN_ENTITLEMENTS = "macOS (Extension)/Safelyx.entitlements";
				CODE_SIGN_STYLE = Automatic;
				CURRENT_PROJECT_VERSION = 1;
				DEVELOPMENT_TEAM = BR4RWWLMM9;
				ENABLE_HARDENED_RUNTIME = YES;
				GENERATE_INFOPLIST_FILE = YES;
				INFOPLIST_FILE = "macOS (Extension)/Info.plist";
				INFOPLIST_KEY_CFBundleDisplayName = "Safelyx Extension";
				INFOPLIST_KEY_NSHumanReadableCopyright = "";
				LD_RUNPATH_SEARCH_PATHS = (
					"$(inherited)",
					"@executable_path/../Frameworks",
					"@executable_path/../../../../Frameworks",
				);
				MACOSX_DEPLOYMENT_TARGET = 10.14;
				MARKETING_VERSION = 0.1.0;
				OTHER_LDFLAGS = (
					"-framework",
					SafariServices,
				);
				PRODUCT_BUNDLE_IDENTIFIER = com.safelyx.Safelyx.Extension;
				PRODUCT_NAME = "Safelyx Extension";
				SDKROOT = macosx;
				SKIP_INSTALL = YES;
				SWIFT_EMIT_LOC_STRINGS = YES;
				SWIFT_VERSION = 5.0;
			};
			name = Release;
		};
		158851A32DD73BA900ABB8A3 /* Debug */ = {
			isa = XCBuildConfiguration;
			buildSettings = {
				ASSETCATALOG_COMPILER_APPICON_NAME = AppIcon;
				ASSETCATALOG_COMPILER_GLOBAL_ACCENT_COLOR_NAME = AccentColor;
				CODE_SIGN_ENTITLEMENTS = "macOS (App)/Safelyx.entitlements";
				CODE_SIGN_STYLE = Automatic;
				CURRENT_PROJECT_VERSION = 1;
				DEVELOPMENT_TEAM = BR4RWWLMM9;
				ENABLE_HARDENED_RUNTIME = YES;
				GENERATE_INFOPLIST_FILE = YES;
				INFOPLIST_FILE = "macOS (App)/Info.plist";
				INFOPLIST_KEY_CFBundleDisplayName = Safelyx;
				INFOPLIST_KEY_LSApplicationCategoryType = "public.app-category.utilities";
				INFOPLIST_KEY_NSMainStoryboardFile = Main;
				INFOPLIST_KEY_NSPrincipalClass = NSApplication;
				LD_RUNPATH_SEARCH_PATHS = (
					"$(inherited)",
					"@executable_path/../Frameworks",
				);
				MACOSX_DEPLOYMENT_TARGET = 10.14;
				MARKETING_VERSION = 0.1.0;
				OTHER_LDFLAGS = (
					"-framework",
					SafariServices,
					"-framework",
					WebKit,
				);
				PRODUCT_BUNDLE_IDENTIFIER = com.safelyx.Safelyx;
				PRODUCT_NAME = Safelyx;
				REGISTER_APP_GROUPS = YES;
				SDKROOT = macosx;
				SWIFT_EMIT_LOC_STRINGS = YES;
				SWIFT_VERSION = 5.0;
			};
			name = Debug;
		};
		158851A42DD73BA900ABB8A3 /* Release */ = {
			isa = XCBuildConfiguration;
			buildSettings = {
				ASSETCATALOG_COMPILER_APPICON_NAME = AppIcon;
				ASSETCATALOG_COMPILER_GLOBAL_ACCENT_COLOR_NAME = AccentColor;
				CODE_SIGN_ENTITLEMENTS = "macOS (App)/Safelyx.entitlements";
				CODE_SIGN_STYLE = Automatic;
				CURRENT_PROJECT_VERSION = 1;
				DEVELOPMENT_TEAM = BR4RWWLMM9;
				ENABLE_HARDENED_RUNTIME = YES;
				GENERATE_INFOPLIST_FILE = YES;
				INFOPLIST_FILE = "macOS (App)/Info.plist";
				INFOPLIST_KEY_CFBundleDisplayName = Safelyx;
				INFOPLIST_KEY_LSApplicationCategoryType = "public.app-category.utilities";
				INFOPLIST_KEY_NSMainStoryboardFile = Main;
				INFOPLIST_KEY_NSPrincipalClass = NSApplication;
				LD_RUNPATH_SEARCH_PATHS = (
					"$(inherited)",
					"@executable_path/../Frameworks",
				);
				MACOSX_DEPLOYMENT_TARGET = 10.14;
				MARKETING_VERSION = 0.1.0;
				OTHER_LDFLAGS = (
					"-framework",
					SafariServices,
					"-framework",
					WebKit,
				);
				PRODUCT_BUNDLE_IDENTIFIER = com.safelyx.Safelyx;
				PRODUCT_NAME = Safelyx;
				REGISTER_APP_GROUPS = YES;
				SDKROOT = macosx;
				SWIFT_EMIT_LOC_STRINGS = YES;
				SWIFT_VERSION = 5.0;
			};
			name = Release;
		};
/* End XCBuildConfiguration section */

/* Begin XCConfigurationList section */
		158851472DD73BA800ABB8A3 /* Build configuration list for PBXProject "Safelyx" */ = {
			isa = XCConfigurationList;
			buildConfigurations = (
				158851952DD73BA900ABB8A3 /* Debug */,
				158851962DD73BA900ABB8A3 /* Release */,
			);
			defaultConfigurationIsVisible = 0;
			defaultConfigurationName = Release;
		};
		158851972DD73BA900ABB8A3 /* Build configuration list for PBXNativeTarget "Safelyx Extension (iOS)" */ = {
			isa = XCConfigurationList;
			buildConfigurations = (
				158851982DD73BA900ABB8A3 /* Debug */,
				158851992DD73BA900ABB8A3 /* Release */,
			);
			defaultConfigurationIsVisible = 0;
			defaultConfigurationName = Release;
		};
		1588519B2DD73BA900ABB8A3 /* Build configuration list for PBXNativeTarget "Safelyx (iOS)" */ = {
			isa = XCConfigurationList;
			buildConfigurations = (
				1588519C2DD73BA900ABB8A3 /* Debug */,
				1588519D2DD73BA900ABB8A3 /* Release */,
			);
			defaultConfigurationIsVisible = 0;
			defaultConfigurationName = Release;
		};
		1588519E2DD73BA900ABB8A3 /* Build configuration list for PBXNativeTarget "Safelyx Extension (macOS)" */ = {
			isa = XCConfigurationList;
			buildConfigurations = (
				1588519F2DD73BA900ABB8A3 /* Debug */,
				158851A02DD73BA900ABB8A3 /* Release */,
			);
			defaultConfigurationIsVisible = 0;
			defaultConfigurationName = Release;
		};
		158851A22DD73BA900ABB8A3 /* Build configuration list for PBXNativeTarget "Safelyx (macOS)" */ = {
			isa = XCConfigurationList;
			buildConfigurations = (
				158851A32DD73BA900ABB8A3 /* Debug */,
				158851A42DD73BA900ABB8A3 /* Release */,
			);
			defaultConfigurationIsVisible = 0;
			defaultConfigurationName = Release;
		};
/* End XCConfigurationList section */
	};
	rootObject = 158851442DD73BA800ABB8A3 /* Project object */;
}
